
Microsoft Visual Studio Solution File, Format Version 12.00
# Visual Studio Version 16
VisualStudioVersion = 16.0.28803.156
MinimumVisualStudioVersion = 10.0.40219.1
Project("{FAE04EC0-301F-11D3-BF4B-00C04F79EFBC}") = "LFRun", "LFRun\LFRun.csproj", "{BD569A86-6029-4581-A40C-0F4893A4BCD8}"
EndProject
Global
	GlobalSection(SolutionConfigurationPlatforms) = preSolution
		Debug|Any CPU = Debug|Any CPU
		Release|Any CPU = Release|Any CPU
	EndGlobalSection
	GlobalSection(ProjectConfigurationPlatforms) = postSolution
		{BD569A86-6029-4581-A40C-0F4893A4BCD8}.Debug|Any CPU.ActiveCfg = Debug|Any CPU
		{BD569A86-6029-4581-A40C-0F4893A4BCD8}.Debug|Any CPU.Build.0 = Debug|Any CPU
		{BD569A86-6029-4581-A40C-0F4893A4BCD8}.Release|Any CPU.ActiveCfg = Release|Any CPU
		{BD569A86-6029-4581-A40C-0F4893A4BCD8}.Release|Any CPU.Build.0 = Release|Any CPU
	EndGlobalSection
	GlobalSection(SolutionProperties) = preSolution
		HideSolutionNode = FALSE
	EndGlobalSection
	GlobalSection(ExtensibilityGlobals) = postSolution
		SolutionGuid = {1923CF60-A6AB-4DCA-9971-3C9642DF385D}
	EndGlobalSection
EndGlobal
